
Microsoft Visual Studio Solution File, Format Version 12.00
# Visual Studio Version 17
VisualStudioVersion = 17.6.33815.320
MinimumVisualStudioVersion = 10.0.40219.1
Project("{7CF6DF6D-3B04-46F8-A40B-537D21BCA0B4}") = "ASCOMLibraryHelp", "LibraryHelp\ASCOMLibraryHelp.shfbproj", "{C067ED42-D85F-42D1-A481-23887FE2E23A}"
EndProject
Project("{7CF6DF6D-3B04-46F8-A40B-537D21BCA0B4}") = "ChooserSAHelp", "ChooserSAHelp\ChooserSAHelp.shfbproj", "{DA3CCBD7-06A8-4E9E-A04B-F2D4A2D1EEED}"
EndProject
Project("{FAE04EC0-301F-11D3-BF4B-00C04F79EFBC}") = "PackageAccessProjectFramework", "PackageAccessProjectFramework\PackageAccessProjectFramework.csproj", "{70FBFA5A-2A22-4CDF-A606-A00754E7CCA8}"
EndProject
Global
	GlobalSection(SolutionConfigurationPlatforms) = preSolution
		Debug|Any CPU = Debug|Any CPU
		Release|Any CPU = Release|Any CPU
	EndGlobalSection
	GlobalSection(ProjectConfigurationPlatforms) = postSolution
		{C067ED42-D85F-42D1-A481-23887FE2E23A}.Debug|Any CPU.ActiveCfg = Debug|Any CPU
		{C067ED42-D85F-42D1-A481-23887FE2E23A}.Debug|Any CPU.Build.0 = Debug|Any CPU
		{C067ED42-D85F-42D1-A481-23887FE2E23A}.Release|Any CPU.ActiveCfg = Release|Any CPU
		{C067ED42-D85F-42D1-A481-23887FE2E23A}.Release|Any CPU.Build.0 = Release|Any CPU
		{DA3CCBD7-06A8-4E9E-A04B-F2D4A2D1EEED}.Debug|Any CPU.ActiveCfg = Debug|Any CPU
		{DA3CCBD7-06A8-4E9E-A04B-F2D4A2D1EEED}.Debug|Any CPU.Build.0 = Debug|Any CPU
		{DA3CCBD7-06A8-4E9E-A04B-F2D4A2D1EEED}.Release|Any CPU.ActiveCfg = Release|Any CPU
		{DA3CCBD7-06A8-4E9E-A04B-F2D4A2D1EEED}.Release|Any CPU.Build.0 = Release|Any CPU
		{70FBFA5A-2A22-4CDF-A606-A00754E7CCA8}.Debug|Any CPU.ActiveCfg = Debug|Any CPU
		{70FBFA5A-2A22-4CDF-A606-A00754E7CCA8}.Debug|Any CPU.Build.0 = Debug|Any CPU
		{70FBFA5A-2A22-4CDF-A606-A00754E7CCA8}.Release|Any CPU.ActiveCfg = Release|Any CPU
		{70FBFA5A-2A22-4CDF-A606-A00754E7CCA8}.Release|Any CPU.Build.0 = Release|Any CPU
	EndGlobalSection
	GlobalSection(SolutionProperties) = preSolution
		HideSolutionNode = FALSE
	EndGlobalSection
	GlobalSection(ExtensibilityGlobals) = postSolution
		SolutionGuid = {7D017DF1-6A9A-4D46-824E-15029114F852}
	EndGlobalSection
EndGlobal
