
Microsoft Visual Studio Solution File, Format Version 12.00
# Visual Studio Version 18
VisualStudioVersion = 18.2.11408.102 d18.0
MinimumVisualStudioVersion = 10.0.40219.1
Project("{FAE04EC0-301F-11D3-BF4B-00C04F79EFBC}") = "MethodSorter", "MethodSorter.csproj", "{E8974667-3987-4C03-5A25-897FCA3F5893}"
EndProject
Global
	GlobalSection(SolutionConfigurationPlatforms) = preSolution
		Debug|Any CPU = Debug|Any CPU
		Release|Any CPU = Release|Any CPU
	EndGlobalSection
	GlobalSection(ProjectConfigurationPlatforms) = postSolution
		{E8974667-3987-4C03-5A25-897FCA3F5893}.Debug|Any CPU.ActiveCfg = Debug|Any CPU
		{E8974667-3987-4C03-5A25-897FCA3F5893}.Debug|Any CPU.Build.0 = Debug|Any CPU
		{E8974667-3987-4C03-5A25-897FCA3F5893}.Release|Any CPU.ActiveCfg = Release|Any CPU
		{E8974667-3987-4C03-5A25-897FCA3F5893}.Release|Any CPU.Build.0 = Release|Any CPU
	EndGlobalSection
	GlobalSection(SolutionProperties) = preSolution
		HideSolutionNode = FALSE
	EndGlobalSection
	GlobalSection(ExtensibilityGlobals) = postSolution
		SolutionGuid = {8B18011A-EEF5-473C-9FCB-382BA54AA173}
	EndGlobalSection
EndGlobal
