
Microsoft Visual Studio Solution File, Format Version 12.00
# Visual Studio Version 17
VisualStudioVersion = 17.3.32922.545
MinimumVisualStudioVersion = 10.0.40219.1
Project("{FAE04EC0-301F-11D3-BF4B-00C04F79EFBC}") = "HelpExamples", "HelpExamples.csproj", "{CE38D334-71C9-4A45-93F1-E9AD5E371EDB}"
EndProject
Global
	GlobalSection(SolutionConfigurationPlatforms) = preSolution
		Debug|Any CPU = Debug|Any CPU
		Release|Any CPU = Release|Any CPU
	EndGlobalSection
	GlobalSection(ProjectConfigurationPlatforms) = postSolution
		{CE38D334-71C9-4A45-93F1-E9AD5E371EDB}.Debug|Any CPU.ActiveCfg = Debug|Any CPU
		{CE38D334-71C9-4A45-93F1-E9AD5E371EDB}.Debug|Any CPU.Build.0 = Debug|Any CPU
		{CE38D334-71C9-4A45-93F1-E9AD5E371EDB}.Release|Any CPU.ActiveCfg = Release|Any CPU
		{CE38D334-71C9-4A45-93F1-E9AD5E371EDB}.Release|Any CPU.Build.0 = Release|Any CPU
	EndGlobalSection
	GlobalSection(SolutionProperties) = preSolution
		HideSolutionNode = FALSE
	EndGlobalSection
	GlobalSection(ExtensibilityGlobals) = postSolution
		SolutionGuid = {70080154-F9D3-4724-92A5-52A7BF28480A}
	EndGlobalSection
EndGlobal
