
Microsoft Visual Studio Solution File, Format Version 12.00
# Visual Studio Version 16
VisualStudioVersion = 16.0.31515.178
MinimumVisualStudioVersion = 10.0.40219.1
Project("{9A19103F-16F7-4668-BE54-9A1E7A4F7556}") = "ASCOM.Standard.AlpacaClients", "ASCOM.Standard.AlpacaClients.csproj", "{16836689-C5B7-411D-9156-B0E64FC9ED8B}"
EndProject
Project("{9A19103F-16F7-4668-BE54-9A1E7A4F7556}") = "ClientTester", "ClientTester\ClientTester.csproj", "{5A7E2C47-D339-4FE4-A153-9848783E0E10}"
EndProject
Global
	GlobalSection(SolutionConfigurationPlatforms) = preSolution
		Debug|Any CPU = Debug|Any CPU
		Release|Any CPU = Release|Any CPU
	EndGlobalSection
	GlobalSection(ProjectConfigurationPlatforms) = postSolution
		{16836689-C5B7-411D-9156-B0E64FC9ED8B}.Debug|Any CPU.ActiveCfg = Debug|Any CPU
		{16836689-C5B7-411D-9156-B0E64FC9ED8B}.Debug|Any CPU.Build.0 = Debug|Any CPU
		{16836689-C5B7-411D-9156-B0E64FC9ED8B}.Release|Any CPU.ActiveCfg = Release|Any CPU
		{16836689-C5B7-411D-9156-B0E64FC9ED8B}.Release|Any CPU.Build.0 = Release|Any CPU
		{5A7E2C47-D339-4FE4-A153-9848783E0E10}.Debug|Any CPU.ActiveCfg = Debug|Any CPU
		{5A7E2C47-D339-4FE4-A153-9848783E0E10}.Debug|Any CPU.Build.0 = Debug|Any CPU
		{5A7E2C47-D339-4FE4-A153-9848783E0E10}.Release|Any CPU.ActiveCfg = Release|Any CPU
		{5A7E2C47-D339-4FE4-A153-9848783E0E10}.Release|Any CPU.Build.0 = Release|Any CPU
	EndGlobalSection
	GlobalSection(SolutionProperties) = preSolution
		HideSolutionNode = FALSE
	EndGlobalSection
	GlobalSection(ExtensibilityGlobals) = postSolution
		SolutionGuid = {19E5D0DB-6267-4409-B718-30F97096454C}
	EndGlobalSection
EndGlobal
